
Microsoft Visual Studio Solution File, Format Version 12.00
# Visual Studio 15
VisualStudioVersion = 15.0.27428.2027
MinimumVisualStudioVersion = 10.0.40219.1
Project("{2150E333-8FDC-42A3-9474-1A3956D46DE8}") = "Tests", "Tests", "{DF009740-7323-46F9-AC0F-80862B0C2948}"
EndProject
Project("{2150E333-8FDC-42A3-9474-1A3956D46DE8}") = "2.  Tree", "2.  Tree", "{7A37574E-7695-4AB4-B0FB-8029E101344D}"
EndProject
Project("{2150E333-8FDC-42A3-9474-1A3956D46DE8}") = "1.  CustomScript", "1.  CustomScript", "{734A2D6E-D05C-43A8-B71C-316C177C2E7D}"
EndProject
Project("{9A19103F-16F7-4668-BE54-9A1E7A4F7556}") = "ScriptContract", "ScriptContract\ScriptContract.csproj", "{7E23A9EF-6873-4AEF-9D21-5CF055762A95}"
EndProject
Project("{9A19103F-16F7-4668-BE54-9A1E7A4F7556}") = "CSharpScript", "CSharpScript\CSharpScript.csproj", "{E519B78F-06A4-4F24-8E9A-4795F7F16688}"
EndProject
Project("{2150E333-8FDC-42A3-9474-1A3956D46DE8}") = "SonarQube", "SonarQube", "{457532D5-1315-46F2-AB2B-169CF9700D14}"
	ProjectSection(SolutionItems) = preProject
		SonarQube\SolutionBinding.sqconfig = SonarQube\SolutionBinding.sqconfig
		SonarQube\TaxCalcCSharp.ruleset = SonarQube\TaxCalcCSharp.ruleset
	EndProjectSection
EndProject
Project("{2150E333-8FDC-42A3-9474-1A3956D46DE8}") = "3.  GoalSeek", "3.  GoalSeek", "{A79A5B45-1C1C-4A7D-801E-82ECAA87B90F}"
EndProject
Project("{9A19103F-16F7-4668-BE54-9A1E7A4F7556}") = "GoalSeekContract", "GoalSeek\GoalSeekContract.csproj", "{E0E14DC1-C884-43B8-8649-5821B717A214}"
EndProject
Project("{9A19103F-16F7-4668-BE54-9A1E7A4F7556}") = "GoalSeekImplementation", "GoalSeekContract\GoalSeekImplementation.csproj", "{9E20ECC9-CED4-4756-90B3-46BAC01BFA69}"
EndProject
Project("{9A19103F-16F7-4668-BE54-9A1E7A4F7556}") = "Tests", "Tests\Tests.csproj", "{2BF422A7-876C-4B81-A9C5-20B775305C75}"
EndProject
Project("{9A19103F-16F7-4668-BE54-9A1E7A4F7556}") = "TreeContract", "TreeContract\TreeContract.csproj", "{B4FE9A94-3C2A-4DB7-914E-C032B0F8E729}"
EndProject
Project("{9A19103F-16F7-4668-BE54-9A1E7A4F7556}") = "TreeImplementation", "TreeImplementation\TreeImplementation.csproj", "{1CEC7A21-7E28-406E-980B-ED1877251A56}"
EndProject
Global
	GlobalSection(SolutionConfigurationPlatforms) = preSolution
		Debug|Any CPU = Debug|Any CPU
		Release|Any CPU = Release|Any CPU
	EndGlobalSection
	GlobalSection(ProjectConfigurationPlatforms) = postSolution
		{7E23A9EF-6873-4AEF-9D21-5CF055762A95}.Debug|Any CPU.ActiveCfg = Debug|Any CPU
		{7E23A9EF-6873-4AEF-9D21-5CF055762A95}.Debug|Any CPU.Build.0 = Debug|Any CPU
		{7E23A9EF-6873-4AEF-9D21-5CF055762A95}.Release|Any CPU.ActiveCfg = Release|Any CPU
		{7E23A9EF-6873-4AEF-9D21-5CF055762A95}.Release|Any CPU.Build.0 = Release|Any CPU
		{E519B78F-06A4-4F24-8E9A-4795F7F16688}.Debug|Any CPU.ActiveCfg = Debug|Any CPU
		{E519B78F-06A4-4F24-8E9A-4795F7F16688}.Debug|Any CPU.Build.0 = Debug|Any CPU
		{E519B78F-06A4-4F24-8E9A-4795F7F16688}.Release|Any CPU.ActiveCfg = Release|Any CPU
		{E519B78F-06A4-4F24-8E9A-4795F7F16688}.Release|Any CPU.Build.0 = Release|Any CPU
		{E0E14DC1-C884-43B8-8649-5821B717A214}.Debug|Any CPU.ActiveCfg = Debug|Any CPU
		{E0E14DC1-C884-43B8-8649-5821B717A214}.Debug|Any CPU.Build.0 = Debug|Any CPU
		{E0E14DC1-C884-43B8-8649-5821B717A214}.Release|Any CPU.ActiveCfg = Release|Any CPU
		{E0E14DC1-C884-43B8-8649-5821B717A214}.Release|Any CPU.Build.0 = Release|Any CPU
		{9E20ECC9-CED4-4756-90B3-46BAC01BFA69}.Debug|Any CPU.ActiveCfg = Debug|Any CPU
		{9E20ECC9-CED4-4756-90B3-46BAC01BFA69}.Debug|Any CPU.Build.0 = Debug|Any CPU
		{9E20ECC9-CED4-4756-90B3-46BAC01BFA69}.Release|Any CPU.ActiveCfg = Release|Any CPU
		{9E20ECC9-CED4-4756-90B3-46BAC01BFA69}.Release|Any CPU.Build.0 = Release|Any CPU
		{2BF422A7-876C-4B81-A9C5-20B775305C75}.Debug|Any CPU.ActiveCfg = Debug|Any CPU
		{2BF422A7-876C-4B81-A9C5-20B775305C75}.Debug|Any CPU.Build.0 = Debug|Any CPU
		{2BF422A7-876C-4B81-A9C5-20B775305C75}.Release|Any CPU.ActiveCfg = Release|Any CPU
		{2BF422A7-876C-4B81-A9C5-20B775305C75}.Release|Any CPU.Build.0 = Release|Any CPU
		{B4FE9A94-3C2A-4DB7-914E-C032B0F8E729}.Debug|Any CPU.ActiveCfg = Debug|Any CPU
		{B4FE9A94-3C2A-4DB7-914E-C032B0F8E729}.Debug|Any CPU.Build.0 = Debug|Any CPU
		{B4FE9A94-3C2A-4DB7-914E-C032B0F8E729}.Release|Any CPU.ActiveCfg = Release|Any CPU
		{B4FE9A94-3C2A-4DB7-914E-C032B0F8E729}.Release|Any CPU.Build.0 = Release|Any CPU
		{1CEC7A21-7E28-406E-980B-ED1877251A56}.Debug|Any CPU.ActiveCfg = Debug|Any CPU
		{1CEC7A21-7E28-406E-980B-ED1877251A56}.Debug|Any CPU.Build.0 = Debug|Any CPU
		{1CEC7A21-7E28-406E-980B-ED1877251A56}.Release|Any CPU.ActiveCfg = Release|Any CPU
		{1CEC7A21-7E28-406E-980B-ED1877251A56}.Release|Any CPU.Build.0 = Release|Any CPU
	EndGlobalSection
	GlobalSection(SolutionProperties) = preSolution
		HideSolutionNode = FALSE
	EndGlobalSection
	GlobalSection(NestedProjects) = preSolution
		{7E23A9EF-6873-4AEF-9D21-5CF055762A95} = {734A2D6E-D05C-43A8-B71C-316C177C2E7D}
		{E519B78F-06A4-4F24-8E9A-4795F7F16688} = {734A2D6E-D05C-43A8-B71C-316C177C2E7D}
		{E0E14DC1-C884-43B8-8649-5821B717A214} = {A79A5B45-1C1C-4A7D-801E-82ECAA87B90F}
		{9E20ECC9-CED4-4756-90B3-46BAC01BFA69} = {A79A5B45-1C1C-4A7D-801E-82ECAA87B90F}
		{2BF422A7-876C-4B81-A9C5-20B775305C75} = {DF009740-7323-46F9-AC0F-80862B0C2948}
		{B4FE9A94-3C2A-4DB7-914E-C032B0F8E729} = {7A37574E-7695-4AB4-B0FB-8029E101344D}
		{1CEC7A21-7E28-406E-980B-ED1877251A56} = {7A37574E-7695-4AB4-B0FB-8029E101344D}
	EndGlobalSection
	GlobalSection(ExtensibilityGlobals) = postSolution
		SolutionGuid = {D8057907-FE9A-4D2C-99C6-D399BCD220E1}
	EndGlobalSection
EndGlobal
